<?xml version="1.0" encoding="utf-8"?>
<Project ToolsVersion="4.0" xmlns="http://schemas.microsoft.com/developer/msbuild/2003">
  <ItemGroup>
    <Filter Include="소스 파일">
      <UniqueIdentifier>{4FC737F1-C7A5-4376-A066-2A32D752A2FF}</UniqueIdentifier>
      <Extensions>cpp;c;cc;cxx;c++;cppm;ixx;def;odl;idl;hpj;bat;asm;asmx</Extensions>
    </Filter>
    <Filter Include="헤더 파일">
      <UniqueIdentifier>{93995380-89BD-4b04-88EB-625FBE52EBFB}</UniqueIdentifier>
      <Extensions>h;hh;hpp;hxx;h++;hm;inl;inc;ipp;xsd</Extensions>
    </Filter>
    <Filter Include="리소스 파일">
      <UniqueIdentifier>{67DA6AB6-F800-4c08-8B7A-83BB121AAD01}</UniqueIdentifier>
      <Extensions>rc;ico;cur;bmp;dlg;rc2;rct;bin;rgs;gif;jpg;jpeg;jpe;resx;tiff;tif;png;wav;mfcribbon-ms</Extensions>
    </Filter>
    <Filter Include="소스 파일\imgui_source">
      <UniqueIdentifier>{4a1cf2e3-8c3b-469e-b7c1-7eb93dd804ad}</UniqueIdentifier>
    </Filter>
    <Filter Include="헤더 파일\imgui_header">
      <UniqueIdentifier>{1730eb43-e0a6-4329-a52f-9d556742fe4a}</UniqueIdentifier>
    </Filter>
    <Filter Include="헤더 파일\shape">
      <UniqueIdentifier>{28531f0a-86c7-4628-8bed-96d7f336cfe1}</UniqueIdentifier>
    </Filter>
    <Filter Include="헤더 파일\unit">
      <UniqueIdentifier>{85053dfd-8a49-4501-bd5c-42b8edcab091}</UniqueIdentifier>
    </Filter>
    <Filter Include="소스 파일\shape">
      <UniqueIdentifier>{b5c80478-1fe3-43a3-aec7-46b7014a1aa7}</UniqueIdentifier>
    </Filter>
  </ItemGroup>
  <ItemGroup>
    <ClCompile Include="main.cpp">
      <Filter>소스 파일</Filter>
    </ClCompile>
    <ClCompile Include="imgui.cpp">
      <Filter>소스 파일\imgui_source</Filter>
    </ClCompile>
    <ClCompile Include="imgui_demo.cpp">
      <Filter>소스 파일\imgui_source</Filter>
    </ClCompile>
    <ClCompile Include="imgui_draw.cpp">
      <Filter>소스 파일\imgui_source</Filter>
    </ClCompile>
    <ClCompile Include="imgui_impl_glfw.cpp">
      <Filter>소스 파일\imgui_source</Filter>
    </ClCompile>
    <ClCompile Include="imgui_impl_opengl3.cpp">
      <Filter>소스 파일\imgui_source</Filter>
    </ClCompile>
    <ClCompile Include="imgui_tables.cpp">
      <Filter>소스 파일\imgui_source</Filter>
    </ClCompile>
    <ClCompile Include="imgui_widgets.cpp">
      <Filter>소스 파일\imgui_source</Filter>
    </ClCompile>
    <ClCompile Include="imgui_manager.cpp">
      <Filter>소스 파일</Filter>
    </ClCompile>
    <ClCompile Include="imgui_graphics.cpp">
      <Filter>소스 파일</Filter>
    </ClCompile>
    <ClCompile Include="..\..\w\hw2\Startup\cube.cpp">
      <Filter>소스 파일\shape</Filter>
    </ClCompile>
    <ClCompile Include="..\..\w\hw2\Startup\shape.cpp">
      <Filter>소스 파일\shape</Filter>
    </ClCompile>
    <ClCompile Include="..\..\w\hw2\Startup\shape_render.cpp">
      <Filter>소스 파일\shape</Filter>
    </ClCompile>
  </ItemGroup>
  <ItemGroup>
    <ClInclude Include="imgui_manager.h">
      <Filter>헤더 파일</Filter>
    </ClInclude>
    <ClInclude Include="imgui_graphics.h">
      <Filter>헤더 파일</Filter>
    </ClInclude>
    <ClInclude Include="..\usr\include\imgui\imconfig.h">
      <Filter>헤더 파일\imgui_header</Filter>
    </ClInclude>
    <ClInclude Include="..\usr\include\imgui\imgui.h">
      <Filter>헤더 파일\imgui_header</Filter>
    </ClInclude>
    <ClInclude Include="..\usr\include\imgui\imgui_impl_glfw.h">
      <Filter>헤더 파일\imgui_header</Filter>
    </ClInclude>
    <ClInclude Include="..\usr\include\imgui\imgui_impl_opengl3.h">
      <Filter>헤더 파일\imgui_header</Filter>
    </ClInclude>
    <ClInclude Include="..\usr\include\imgui\imgui_impl_opengl3_loader.h">
      <Filter>헤더 파일\imgui_header</Filter>
    </ClInclude>
    <ClInclude Include="..\usr\include\imgui\imgui_internal.h">
      <Filter>헤더 파일\imgui_header</Filter>
    </ClInclude>
    <ClInclude Include="..\usr\include\imgui\imstb_rectpack.h">
      <Filter>헤더 파일\imgui_header</Filter>
    </ClInclude>
    <ClInclude Include="..\usr\include\imgui\imstb_textedit.h">
      <Filter>헤더 파일\imgui_header</Filter>
    </ClInclude>
    <ClInclude Include="..\usr\include\imgui\imstb_truetype.h">
      <Filter>헤더 파일\imgui_header</Filter>
    </ClInclude>
    <ClInclude Include="..\..\w\hw2\Startup\shape.h">
      <Filter>헤더 파일\shape</Filter>
    </ClInclude>
    <ClInclude Include="..\..\w\hw2\Startup\shape_container.h">
      <Filter>헤더 파일\shape</Filter>
    </ClInclude>
    <ClInclude Include="..\..\w\hw2\Startup\shape_render.h">
      <Filter>헤더 파일\shape</Filter>
    </ClInclude>
    <ClInclude Include="..\..\w\hw2\Startup\color.h">
      <Filter>헤더 파일\unit</Filter>
    </ClInclude>
    <ClInclude Include="..\..\w\hw2\Startup\dot_3d.h">
      <Filter>헤더 파일\unit</Filter>
    </ClInclude>
    <ClInclude Include="..\..\w\hw2\Startup\cube.h">
      <Filter>헤더 파일\shape</Filter>
    </ClInclude>
  </ItemGroup>
</Project>